
Microsoft Visual Studio Solution File, Format Version 12.00
# Visual Studio Version 16
VisualStudioVersion = 16.0.32228.343
MinimumVisualStudioVersion = 10.0.40219.1
Project("{FAE04EC0-301F-11D3-BF4B-00C04F79EFBC}") = "Exercicio_03", "Exercicio_03.csproj", "{EB1E6569-21D4-4CE3-9ECE-7533E486C0CD}"
EndProject
Global
	GlobalSection(SolutionConfigurationPlatforms) = preSolution
		Debug|Any CPU = Debug|Any CPU
		Release|Any CPU = Release|Any CPU
	EndGlobalSection
	GlobalSection(ProjectConfigurationPlatforms) = postSolution
		{EB1E6569-21D4-4CE3-9ECE-7533E486C0CD}.Debug|Any CPU.ActiveCfg = Debug|Any CPU
		{EB1E6569-21D4-4CE3-9ECE-7533E486C0CD}.Debug|Any CPU.Build.0 = Debug|Any CPU
		{EB1E6569-21D4-4CE3-9ECE-7533E486C0CD}.Release|Any CPU.ActiveCfg = Release|Any CPU
		{EB1E6569-21D4-4CE3-9ECE-7533E486C0CD}.Release|Any CPU.Build.0 = Release|Any CPU
	EndGlobalSection
	GlobalSection(SolutionProperties) = preSolution
		HideSolutionNode = FALSE
	EndGlobalSection
	GlobalSection(ExtensibilityGlobals) = postSolution
		SolutionGuid = {ACBEE6E0-0C73-4C1E-985E-8C270231E985}
	EndGlobalSection
EndGlobal
